
Microsoft Visual Studio Solution File, Format Version 12.00
# Visual Studio 15
Project("{FAE04EC0-301F-11D3-BF4B-00C04F79EFBC}") = "forgetUsNot-master", "forgetUsNot-master.csproj", "{FEA78064-C436-AF9D-E4FA-87C0E753730D}"
EndProject
Project("{FAE04EC0-301F-11D3-BF4B-00C04F79EFBC}") = "forgetUsNot-master.Editor", "forgetUsNot-master.Editor.csproj", "{F3D3D0E4-1EA2-AAC4-02E8-5A6C52BDC365}"
EndProject
Global
	GlobalSection(SolutionConfigurationPlatforms) = preSolution
		Debug|Any CPU = Debug|Any CPU
		Release|Any CPU = Release|Any CPU
	EndGlobalSection
	GlobalSection(ProjectConfigurationPlatforms) = postSolution
		{FEA78064-C436-AF9D-E4FA-87C0E753730D}.Debug|Any CPU.ActiveCfg = Debug|Any CPU
		{FEA78064-C436-AF9D-E4FA-87C0E753730D}.Debug|Any CPU.Build.0 = Debug|Any CPU
		{FEA78064-C436-AF9D-E4FA-87C0E753730D}.Release|Any CPU.ActiveCfg = Release|Any CPU
		{FEA78064-C436-AF9D-E4FA-87C0E753730D}.Release|Any CPU.Build.0 = Release|Any CPU
		{F3D3D0E4-1EA2-AAC4-02E8-5A6C52BDC365}.Debug|Any CPU.ActiveCfg = Debug|Any CPU
		{F3D3D0E4-1EA2-AAC4-02E8-5A6C52BDC365}.Debug|Any CPU.Build.0 = Debug|Any CPU
		{F3D3D0E4-1EA2-AAC4-02E8-5A6C52BDC365}.Release|Any CPU.ActiveCfg = Release|Any CPU
		{F3D3D0E4-1EA2-AAC4-02E8-5A6C52BDC365}.Release|Any CPU.Build.0 = Release|Any CPU
	EndGlobalSection
	GlobalSection(SolutionProperties) = preSolution
		HideSolutionNode = FALSE
	EndGlobalSection
EndGlobal
